// !$*UTF8*$!
{
	archiveVersion = 1;
	classes = {
	};
	objectVersion = 46;
	objects = {

/* Begin PBXBuildFile section */
		212714AE19510D7F00E8FFF7 /* .gitignore in Resources */ = {isa = PBXBuildFile; fileRef = 2127148E19510D7E00E8FFF7 /* .gitignore */; };
		212714AF19510D7F00E8FFF7 /* .gitmodules in Resources */ = {isa = PBXBuildFile; fileRef = 2127148F19510D7E00E8FFF7 /* .gitmodules */; };
		212714B019510D7F00E8FFF7 /* LICENSE in Resources */ = {isa = PBXBuildFile; fileRef = 2127149019510D7E00E8FFF7 /* LICENSE */; };
		212714B119510D7F00E8FFF7 /* README.md in Resources */ = {isa = PBXBuildFile; fileRef = 2127149119510D7E00E8FFF7 /* README.md */; };
		212714B219510D7F00E8FFF7 /* base64.c in Sources */ = {isa = PBXBuildFile; fileRef = 2127149319510D7E00E8FFF7 /* base64.c */; };
		212714B319510D7F00E8FFF7 /* NSData+SRB64Additions.m in Sources */ = {isa = PBXBuildFile; fileRef = 2127149619510D7E00E8FFF7 /* NSData+SRB64Additions.m */; };
		212714B419510D7F00E8FFF7 /* SRWebSocket.m in Sources */ = {isa = PBXBuildFile; fileRef = 2127149919510D7E00E8FFF7 /* SRWebSocket.m */; };
		212714B519510D7F00E8FFF7 /* SOD.m in Sources */ = {isa = PBXBuildFile; fileRef = 2127149B19510D7E00E8FFF7 /* SOD.m */; };
		212714B619510D7F00E8FFF7 /* .gitignore in Resources */ = {isa = PBXBuildFile; fileRef = 2127149D19510D7E00E8FFF7 /* .gitignore */; };
		212714B719510D7F00E8FFF7 /* .gitmodules in Resources */ = {isa = PBXBuildFile; fileRef = 2127149E19510D7E00E8FFF7 /* .gitmodules */; };
		212714B819510D7F00E8FFF7 /* CHANGELOG.md in Resources */ = {isa = PBXBuildFile; fileRef = 2127149F19510D7E00E8FFF7 /* CHANGELOG.md */; };
		212714B919510D7F00E8FFF7 /* CONTRIBUTORS.md in Resources */ = {isa = PBXBuildFile; fileRef = 212714A019510D7E00E8FFF7 /* CONTRIBUTORS.md */; };
		212714BA19510D7F00E8FFF7 /* LICENSE in Resources */ = {isa = PBXBuildFile; fileRef = 212714A119510D7E00E8FFF7 /* LICENSE */; };
		212714BB19510D7F00E8FFF7 /* README.md in Resources */ = {isa = PBXBuildFile; fileRef = 212714A219510D7E00E8FFF7 /* README.md */; };
		212714BC19510D7F00E8FFF7 /* SocketIO.m in Sources */ = {isa = PBXBuildFile; fileRef = 212714A419510D7E00E8FFF7 /* SocketIO.m */; };
		212714BD19510D7F00E8FFF7 /* SocketIOJSONSerialization.m in Sources */ = {isa = PBXBuildFile; fileRef = 212714A619510D7E00E8FFF7 /* SocketIOJSONSerialization.m */; };
		212714BE19510D7F00E8FFF7 /* SocketIOPacket.m in Sources */ = {isa = PBXBuildFile; fileRef = 212714A819510D7E00E8FFF7 /* SocketIOPacket.m */; };
		212714BF19510D7F00E8FFF7 /* SocketIOTransportWebsocket.m in Sources */ = {isa = PBXBuildFile; fileRef = 212714AB19510D7E00E8FFF7 /* SocketIOTransportWebsocket.m */; };
		212714C019510D7F00E8FFF7 /* SocketIOTransportXHR.m in Sources */ = {isa = PBXBuildFile; fileRef = 212714AD19510D7E00E8FFF7 /* SocketIOTransportXHR.m */; };
		212759F1194128D500F0DE4B /* SenTestingKit.framework in Frameworks */ = {isa = PBXBuildFile; fileRef = 212759F0194128D500F0DE4B /* SenTestingKit.framework */; };
		212759F319412A3B00F0DE4B /* SenTestingKit.framework in Frameworks */ = {isa = PBXBuildFile; fileRef = 212759F0194128D500F0DE4B /* SenTestingKit.framework */; };
		217E0F1518FBD7D200BACE6A /* Security.framework in Frameworks */ = {isa = PBXBuildFile; fileRef = 217E0F1418FBD7D100BACE6A /* Security.framework */; };
		217E0F1718FBD7DC00BACE6A /* libicucore.dylib in Frameworks */ = {isa = PBXBuildFile; fileRef = 217E0F1618FBD7DC00BACE6A /* libicucore.dylib */; };
		217E0F1918FBD7E300BACE6A /* CFNetwork.framework in Frameworks */ = {isa = PBXBuildFile; fileRef = 217E0F1818FBD7E300BACE6A /* CFNetwork.framework */; };
		21B53C5318D22A9600136835 /* Foundation.framework in Frameworks */ = {isa = PBXBuildFile; fileRef = 21B53C5218D22A9600136835 /* Foundation.framework */; };
		21B53C5518D22A9600136835 /* CoreGraphics.framework in Frameworks */ = {isa = PBXBuildFile; fileRef = 21B53C5418D22A9600136835 /* CoreGraphics.framework */; };
		21B53C5718D22A9600136835 /* UIKit.framework in Frameworks */ = {isa = PBXBuildFile; fileRef = 21B53C5618D22A9600136835 /* UIKit.framework */; };
		21B53C5D18D22A9600136835 /* InfoPlist.strings in Resources */ = {isa = PBXBuildFile; fileRef = 21B53C5B18D22A9600136835 /* InfoPlist.strings */; };
		21B53C5F18D22A9600136835 /* main.m in Sources */ = {isa = PBXBuildFile; fileRef = 21B53C5E18D22A9600136835 /* main.m */; settings = {COMPILER_FLAGS = "-fno-objc-arc"; }; };
		21B53C6318D22A9600136835 /* AppDelegate.m in Sources */ = {isa = PBXBuildFile; fileRef = 21B53C6218D22A9600136835 /* AppDelegate.m */; settings = {COMPILER_FLAGS = "-fno-objc-arc"; }; };
		21B53C6918D22A9600136835 /* ViewController.m in Sources */ = {isa = PBXBuildFile; fileRef = 21B53C6818D22A9600136835 /* ViewController.m */; settings = {COMPILER_FLAGS = "-fno-objc-arc"; }; };
		21B53C6B18D22A9600136835 /* Images.xcassets in Resources */ = {isa = PBXBuildFile; fileRef = 21B53C6A18D22A9600136835 /* Images.xcassets */; };
		21B53C7218D22A9600136835 /* XCTest.framework in Frameworks */ = {isa = PBXBuildFile; fileRef = 21B53C7118D22A9600136835 /* XCTest.framework */; };
		21B53C7318D22A9600136835 /* Foundation.framework in Frameworks */ = {isa = PBXBuildFile; fileRef = 21B53C5218D22A9600136835 /* Foundation.framework */; };
		21B53C7418D22A9600136835 /* UIKit.framework in Frameworks */ = {isa = PBXBuildFile; fileRef = 21B53C5618D22A9600136835 /* UIKit.framework */; };
		21B53C7C18D22A9600136835 /* InfoPlist.strings in Resources */ = {isa = PBXBuildFile; fileRef = 21B53C7A18D22A9600136835 /* InfoPlist.strings */; };
		21B53C7E18D22A9600136835 /* SOD_iOS_ClientTests.m in Sources */ = {isa = PBXBuildFile; fileRef = 21B53C7D18D22A9600136835 /* SOD_iOS_ClientTests.m */; };
		7E9522561A09670C00EEE91C /* Device.m in Sources */ = {isa = PBXBuildFile; fileRef = 7E9522551A09670C00EEE91C /* Device.m */; };
		7E9522591A096A6800EEE91C /* Observer.m in Sources */ = {isa = PBXBuildFile; fileRef = 7E9522581A096A6800EEE91C /* Observer.m */; };
		7ED3A55D19557391001ACDAD /* Main.storyboard in Resources */ = {isa = PBXBuildFile; fileRef = 21B53C6418D22A9600136835 /* Main.storyboard */; };
		8C6559CF1ABE9C9C00519DFC /* Retail_iPhone.storyboard in Resources */ = {isa = PBXBuildFile; fileRef = 8C6559CE1ABE9C9C00519DFC /* Retail_iPhone.storyboard */; };
		8C6559E01ABE9FD700519DFC /* flyertitle.png in Resources */ = {isa = PBXBuildFile; fileRef = 8C6559DA1ABE9FD700519DFC /* flyertitle.png */; };
		8C6559E11ABE9FD700519DFC /* flyerview.png in Resources */ = {isa = PBXBuildFile; fileRef = 8C6559DB1ABE9FD700519DFC /* flyerview.png */; };
		8C6559E21ABE9FD700519DFC /* item1.png in Resources */ = {isa = PBXBuildFile; fileRef = 8C6559DC1ABE9FD700519DFC /* item1.png */; };
		8C6559E31ABE9FD700519DFC /* item2.png in Resources */ = {isa = PBXBuildFile; fileRef = 8C6559DD1ABE9FD700519DFC /* item2.png */; };
		8C6559E41ABE9FD700519DFC /* item3.png in Resources */ = {isa = PBXBuildFile; fileRef = 8C6559DE1ABE9FD700519DFC /* item3.png */; };
		8C6559E51ABE9FD700519DFC /* productview@2x.png in Resources */ = {isa = PBXBuildFile; fileRef = 8C6559DF1ABE9FD700519DFC /* productview@2x.png */; };
		8C6559E91ABF3B4F00519DFC /* RetailTabBarController.m in Sources */ = {isa = PBXBuildFile; fileRef = 8C6559E81ABF3B4E00519DFC /* RetailTabBarController.m */; };
		8C6559EF1ABF3BD500519DFC /* flyer_selected.png in Resources */ = {isa = PBXBuildFile; fileRef = 8C6559EA1ABF3BD500519DFC /* flyer_selected.png */; };
		8C6559F01ABF3BD500519DFC /* flyer.png in Resources */ = {isa = PBXBuildFile; fileRef = 8C6559EB1ABF3BD500519DFC /* flyer.png */; };
		8C6559F11ABF3BD500519DFC /* FlyerMenu.m in Sources */ = {isa = PBXBuildFile; fileRef = 8C6559ED1ABF3BD500519DFC /* FlyerMenu.m */; };
		8C6559F21ABF3BD500519DFC /* tabbar.png in Resources */ = {isa = PBXBuildFile; fileRef = 8C6559EE1ABF3BD500519DFC /* tabbar.png */; };
		8C6559F51ABF3EAE00519DFC /* Flyer.m in Sources */ = {isa = PBXBuildFile; fileRef = 8C6559F41ABF3EAE00519DFC /* Flyer.m */; };
		8CED70091AC309FE00A40BCB /* scan@2x.png in Resources */ = {isa = PBXBuildFile; fileRef = 8CED70051AC309FE00A40BCB /* scan@2x.png */; };
		8CED700A1AC309FE00A40BCB /* scanView.png in Resources */ = {isa = PBXBuildFile; fileRef = 8CED70061AC309FE00A40BCB /* scanView.png */; };
		8CED700B1AC309FE00A40BCB /* social.png in Resources */ = {isa = PBXBuildFile; fileRef = 8CED70071AC309FE00A40BCB /* social.png */; };
		8CED700C1AC309FE00A40BCB /* subnav.png in Resources */ = {isa = PBXBuildFile; fileRef = 8CED70081AC309FE00A40BCB /* subnav.png */; };
		8CED70191AC30AD900A40BCB /* account_selected@2x.png in Resources */ = {isa = PBXBuildFile; fileRef = 8CED700D1AC30AD900A40BCB /* account_selected@2x.png */; };
		8CED701A1AC30AD900A40BCB /* account@2.png in Resources */ = {isa = PBXBuildFile; fileRef = 8CED700E1AC30AD900A40BCB /* account@2.png */; };
		8CED701B1AC30AD900A40BCB /* accountview@2x.png in Resources */ = {isa = PBXBuildFile; fileRef = 8CED700F1AC30AD900A40BCB /* accountview@2x.png */; };
		8CED701C1AC30AD900A40BCB /* scan_selected@2x.png in Resources */ = {isa = PBXBuildFile; fileRef = 8CED70101AC30AD900A40BCB /* scan_selected@2x.png */; };
		8CED701D1AC30AD900A40BCB /* scanoverlay@2x.png in Resources */ = {isa = PBXBuildFile; fileRef = 8CED70111AC30AD900A40BCB /* scanoverlay@2x.png */; };
		8CED701E1AC30AD900A40BCB /* social_selected@2x.png in Resources */ = {isa = PBXBuildFile; fileRef = 8CED70121AC30AD900A40BCB /* social_selected@2x.png */; };
		8CED701F1AC30AD900A40BCB /* social@2x.png in Resources */ = {isa = PBXBuildFile; fileRef = 8CED70131AC30AD900A40BCB /* social@2x.png */; };
		8CED70201AC30AD900A40BCB /* socialview@2x.png in Resources */ = {isa = PBXBuildFile; fileRef = 8CED70141AC30AD900A40BCB /* socialview@2x.png */; };
		8CED70211AC30AD900A40BCB /* wishlist_selected@2x.png in Resources */ = {isa = PBXBuildFile; fileRef = 8CED70151AC30AD900A40BCB /* wishlist_selected@2x.png */; };
		8CED70221AC30AD900A40BCB /* wishlist@2x.png in Resources */ = {isa = PBXBuildFile; fileRef = 8CED70161AC30AD900A40BCB /* wishlist@2x.png */; };
		8CED70231AC30AD900A40BCB /* wishlistmenu@2x.png in Resources */ = {isa = PBXBuildFile; fileRef = 8CED70171AC30AD900A40BCB /* wishlistmenu@2x.png */; };
		8CED70241AC30AD900A40BCB /* wishlistview@2x.png in Resources */ = {isa = PBXBuildFile; fileRef = 8CED70181AC30AD900A40BCB /* wishlistview@2x.png */; };
		8CED70281AC326EE00A40BCB /* accsel@2x.png in Resources */ = {isa = PBXBuildFile; fileRef = 8CED70271AC326EE00A40BCB /* accsel@2x.png */; };
		8CED702A1AC3273400A40BCB /* account@2x.png in Resources */ = {isa = PBXBuildFile; fileRef = 8CED70291AC3273400A40BCB /* account@2x.png */; };
/* End PBXBuildFile section */

/* Begin PBXContainerItemProxy section */
		21B53C7518D22A9600136835 /* PBXContainerItemProxy */ = {
			isa = PBXContainerItemProxy;
			containerPortal = 21B53C4718D22A9600136835 /* Project object */;
			proxyType = 1;
			remoteGlobalIDString = 21B53C4E18D22A9600136835;
			remoteInfo = "SOD-iOS-Client";
		};
/* End PBXContainerItemProxy section */

/* Begin PBXFileReference section */
		2127148E19510D7E00E8FFF7 /* .gitignore */ = {isa = PBXFileReference; fileEncoding = 4; lastKnownFileType = text; path = .gitignore; sourceTree = "<group>"; };
		2127148F19510D7E00E8FFF7 /* .gitmodules */ = {isa = PBXFileReference; fileEncoding = 4; lastKnownFileType = text; path = .gitmodules; sourceTree = "<group>"; };
		2127149019510D7E00E8FFF7 /* LICENSE */ = {isa = PBXFileReference; fileEncoding = 4; lastKnownFileType = text; path = LICENSE; sourceTree = "<group>"; };
		2127149119510D7E00E8FFF7 /* README.md */ = {isa = PBXFileReference; fileEncoding = 4; lastKnownFileType = text; path = README.md; sourceTree = "<group>"; };
		2127149319510D7E00E8FFF7 /* base64.c */ = {isa = PBXFileReference; fileEncoding = 4; lastKnownFileType = sourcecode.c.c; path = base64.c; sourceTree = "<group>"; };
		2127149419510D7E00E8FFF7 /* base64.h */ = {isa = PBXFileReference; fileEncoding = 4; lastKnownFileType = sourcecode.c.h; path = base64.h; sourceTree = "<group>"; };
		2127149519510D7E00E8FFF7 /* NSData+SRB64Additions.h */ = {isa = PBXFileReference; fileEncoding = 4; lastKnownFileType = sourcecode.c.h; path = "NSData+SRB64Additions.h"; sourceTree = "<group>"; };
		2127149619510D7E00E8FFF7 /* NSData+SRB64Additions.m */ = {isa = PBXFileReference; fileEncoding = 4; lastKnownFileType = sourcecode.c.objc; path = "NSData+SRB64Additions.m"; sourceTree = "<group>"; };
		2127149719510D7E00E8FFF7 /* SocketRocket-Prefix.pch */ = {isa = PBXFileReference; fileEncoding = 4; lastKnownFileType = sourcecode.c.h; path = "SocketRocket-Prefix.pch"; sourceTree = "<group>"; };
		2127149819510D7E00E8FFF7 /* SRWebSocket.h */ = {isa = PBXFileReference; fileEncoding = 4; lastKnownFileType = sourcecode.c.h; path = SRWebSocket.h; sourceTree = "<group>"; };
		2127149919510D7E00E8FFF7 /* SRWebSocket.m */ = {isa = PBXFileReference; fileEncoding = 4; lastKnownFileType = sourcecode.c.objc; path = SRWebSocket.m; sourceTree = "<group>"; };
		2127149A19510D7E00E8FFF7 /* SOD.h */ = {isa = PBXFileReference; fileEncoding = 4; lastKnownFileType = sourcecode.c.h; path = SOD.h; sourceTree = "<group>"; };
		2127149B19510D7E00E8FFF7 /* SOD.m */ = {isa = PBXFileReference; fileEncoding = 4; lastKnownFileType = sourcecode.c.objc; path = SOD.m; sourceTree = "<group>"; };
		2127149D19510D7E00E8FFF7 /* .gitignore */ = {isa = PBXFileReference; fileEncoding = 4; lastKnownFileType = text; path = .gitignore; sourceTree = "<group>"; };
		2127149E19510D7E00E8FFF7 /* .gitmodules */ = {isa = PBXFileReference; fileEncoding = 4; lastKnownFileType = text; path = .gitmodules; sourceTree = "<group>"; };
		2127149F19510D7E00E8FFF7 /* CHANGELOG.md */ = {isa = PBXFileReference; fileEncoding = 4; lastKnownFileType = text; path = CHANGELOG.md; sourceTree = "<group>"; };
		212714A019510D7E00E8FFF7 /* CONTRIBUTORS.md */ = {isa = PBXFileReference; fileEncoding = 4; lastKnownFileType = text; path = CONTRIBUTORS.md; sourceTree = "<group>"; };
		212714A119510D7E00E8FFF7 /* LICENSE */ = {isa = PBXFileReference; fileEncoding = 4; lastKnownFileType = text; path = LICENSE; sourceTree = "<group>"; };
		212714A219510D7E00E8FFF7 /* README.md */ = {isa = PBXFileReference; fileEncoding = 4; lastKnownFileType = text; path = README.md; sourceTree = "<group>"; };
		212714A319510D7E00E8FFF7 /* SocketIO.h */ = {isa = PBXFileReference; fileEncoding = 4; lastKnownFileType = sourcecode.c.h; path = SocketIO.h; sourceTree = "<group>"; };
		212714A419510D7E00E8FFF7 /* SocketIO.m */ = {isa = PBXFileReference; fileEncoding = 4; lastKnownFileType = sourcecode.c.objc; path = SocketIO.m; sourceTree = "<group>"; };
		212714A519510D7E00E8FFF7 /* SocketIOJSONSerialization.h */ = {isa = PBXFileReference; fileEncoding = 4; lastKnownFileType = sourcecode.c.h; path = SocketIOJSONSerialization.h; sourceTree = "<group>"; };
		212714A619510D7E00E8FFF7 /* SocketIOJSONSerialization.m */ = {isa = PBXFileReference; fileEncoding = 4; lastKnownFileType = sourcecode.c.objc; path = SocketIOJSONSerialization.m; sourceTree = "<group>"; };
		212714A719510D7E00E8FFF7 /* SocketIOPacket.h */ = {isa = PBXFileReference; fileEncoding = 4; lastKnownFileType = sourcecode.c.h; path = SocketIOPacket.h; sourceTree = "<group>"; };
		212714A819510D7E00E8FFF7 /* SocketIOPacket.m */ = {isa = PBXFileReference; fileEncoding = 4; lastKnownFileType = sourcecode.c.objc; path = SocketIOPacket.m; sourceTree = "<group>"; };
		212714A919510D7E00E8FFF7 /* SocketIOTransport.h */ = {isa = PBXFileReference; fileEncoding = 4; lastKnownFileType = sourcecode.c.h; path = SocketIOTransport.h; sourceTree = "<group>"; };
		212714AA19510D7E00E8FFF7 /* SocketIOTransportWebsocket.h */ = {isa = PBXFileReference; fileEncoding = 4; lastKnownFileType = sourcecode.c.h; path = SocketIOTransportWebsocket.h; sourceTree = "<group>"; };
		212714AB19510D7E00E8FFF7 /* SocketIOTransportWebsocket.m */ = {isa = PBXFileReference; fileEncoding = 4; lastKnownFileType = sourcecode.c.objc; path = SocketIOTransportWebsocket.m; sourceTree = "<group>"; };
		212714AC19510D7E00E8FFF7 /* SocketIOTransportXHR.h */ = {isa = PBXFileReference; fileEncoding = 4; lastKnownFileType = sourcecode.c.h; path = SocketIOTransportXHR.h; sourceTree = "<group>"; };
		212714AD19510D7E00E8FFF7 /* SocketIOTransportXHR.m */ = {isa = PBXFileReference; fileEncoding = 4; lastKnownFileType = sourcecode.c.objc; path = SocketIOTransportXHR.m; sourceTree = "<group>"; };
		212759F0194128D500F0DE4B /* SenTestingKit.framework */ = {isa = PBXFileReference; lastKnownFileType = wrapper.framework; name = SenTestingKit.framework; path = Library/Frameworks/SenTestingKit.framework; sourceTree = DEVELOPER_DIR; };
		217E0F1418FBD7D100BACE6A /* Security.framework */ = {isa = PBXFileReference; lastKnownFileType = wrapper.framework; name = Security.framework; path = System/Library/Frameworks/Security.framework; sourceTree = SDKROOT; };
		217E0F1618FBD7DC00BACE6A /* libicucore.dylib */ = {isa = PBXFileReference; lastKnownFileType = "compiled.mach-o.dylib"; name = libicucore.dylib; path = usr/lib/libicucore.dylib; sourceTree = SDKROOT; };
		217E0F1818FBD7E300BACE6A /* CFNetwork.framework */ = {isa = PBXFileReference; lastKnownFileType = wrapper.framework; name = CFNetwork.framework; path = System/Library/Frameworks/CFNetwork.framework; sourceTree = SDKROOT; };
		21B53C4F18D22A9600136835 /* SOD-iOS-Client.app */ = {isa = PBXFileReference; explicitFileType = wrapper.application; includeInIndex = 0; path = "SOD-iOS-Client.app"; sourceTree = BUILT_PRODUCTS_DIR; };
		21B53C5218D22A9600136835 /* Foundation.framework */ = {isa = PBXFileReference; lastKnownFileType = wrapper.framework; name = Foundation.framework; path = System/Library/Frameworks/Foundation.framework; sourceTree = SDKROOT; };
		21B53C5418D22A9600136835 /* CoreGraphics.framework */ = {isa = PBXFileReference; lastKnownFileType = wrapper.framework; name = CoreGraphics.framework; path = System/Library/Frameworks/CoreGraphics.framework; sourceTree = SDKROOT; };
		21B53C5618D22A9600136835 /* UIKit.framework */ = {isa = PBXFileReference; lastKnownFileType = wrapper.framework; name = UIKit.framework; path = System/Library/Frameworks/UIKit.framework; sourceTree = SDKROOT; };
		21B53C5A18D22A9600136835 /* SOD-iOS-Client-Info.plist */ = {isa = PBXFileReference; lastKnownFileType = text.plist.xml; path = "SOD-iOS-Client-Info.plist"; sourceTree = "<group>"; };
		21B53C5C18D22A9600136835 /* en */ = {isa = PBXFileReference; lastKnownFileType = text.plist.strings; name = en; path = en.lproj/InfoPlist.strings; sourceTree = "<group>"; };
		21B53C5E18D22A9600136835 /* main.m */ = {isa = PBXFileReference; lastKnownFileType = sourcecode.c.objc; path = main.m; sourceTree = "<group>"; };
		21B53C6018D22A9600136835 /* SOD-iOS-Client-Prefix.pch */ = {isa = PBXFileReference; lastKnownFileType = sourcecode.c.h; path = "SOD-iOS-Client-Prefix.pch"; sourceTree = "<group>"; };
		21B53C6118D22A9600136835 /* AppDelegate.h */ = {isa = PBXFileReference; lastKnownFileType = sourcecode.c.h; path = AppDelegate.h; sourceTree = "<group>"; };
		21B53C6218D22A9600136835 /* AppDelegate.m */ = {isa = PBXFileReference; lastKnownFileType = sourcecode.c.objc; path = AppDelegate.m; sourceTree = "<group>"; };
		21B53C6518D22A9600136835 /* Base */ = {isa = PBXFileReference; lastKnownFileType = file.storyboard; name = Base; path = Base.lproj/Main.storyboard; sourceTree = "<group>"; };
		21B53C6718D22A9600136835 /* ViewController.h */ = {isa = PBXFileReference; lastKnownFileType = sourcecode.c.h; path = ViewController.h; sourceTree = "<group>"; };
		21B53C6818D22A9600136835 /* ViewController.m */ = {isa = PBXFileReference; lastKnownFileType = sourcecode.c.objc; path = ViewController.m; sourceTree = "<group>"; };
		21B53C6A18D22A9600136835 /* Images.xcassets */ = {isa = PBXFileReference; lastKnownFileType = folder.assetcatalog; path = Images.xcassets; sourceTree = "<group>"; };
		21B53C7018D22A9600136835 /* SOD-iOS-ClientTests.xctest */ = {isa = PBXFileReference; explicitFileType = wrapper.cfbundle; includeInIndex = 0; path = "SOD-iOS-ClientTests.xctest"; sourceTree = BUILT_PRODUCTS_DIR; };
		21B53C7118D22A9600136835 /* XCTest.framework */ = {isa = PBXFileReference; lastKnownFileType = wrapper.framework; name = XCTest.framework; path = Library/Frameworks/XCTest.framework; sourceTree = DEVELOPER_DIR; };
		21B53C7918D22A9600136835 /* SOD-iOS-ClientTests-Info.plist */ = {isa = PBXFileReference; lastKnownFileType = text.plist.xml; path = "SOD-iOS-ClientTests-Info.plist"; sourceTree = "<group>"; };
		21B53C7B18D22A9600136835 /* en */ = {isa = PBXFileReference; lastKnownFileType = text.plist.strings; name = en; path = en.lproj/InfoPlist.strings; sourceTree = "<group>"; };
		21B53C7D18D22A9600136835 /* SOD_iOS_ClientTests.m */ = {isa = PBXFileReference; lastKnownFileType = sourcecode.c.objc; path = SOD_iOS_ClientTests.m; sourceTree = "<group>"; };
		7E9522541A09670C00EEE91C /* Device.h */ = {isa = PBXFileReference; fileEncoding = 4; lastKnownFileType = sourcecode.c.h; path = Device.h; sourceTree = "<group>"; };
		7E9522551A09670C00EEE91C /* Device.m */ = {isa = PBXFileReference; fileEncoding = 4; lastKnownFileType = sourcecode.c.objc; path = Device.m; sourceTree = "<group>"; };
		7E9522571A096A6800EEE91C /* Observer.h */ = {isa = PBXFileReference; fileEncoding = 4; lastKnownFileType = sourcecode.c.h; path = Observer.h; sourceTree = "<group>"; };
		7E9522581A096A6800EEE91C /* Observer.m */ = {isa = PBXFileReference; fileEncoding = 4; lastKnownFileType = sourcecode.c.objc; path = Observer.m; sourceTree = "<group>"; };
		7ED3A55B1955735E001ACDAD /* en */ = {isa = PBXFileReference; lastKnownFileType = file.storyboard; name = en; path = en.lproj/Main.storyboard; sourceTree = "<group>"; };
		8C6559CE1ABE9C9C00519DFC /* Retail_iPhone.storyboard */ = {isa = PBXFileReference; fileEncoding = 4; lastKnownFileType = file.storyboard; path = Retail_iPhone.storyboard; sourceTree = "<group>"; };
		8C6559DA1ABE9FD700519DFC /* flyertitle.png */ = {isa = PBXFileReference; lastKnownFileType = image.png; path = flyertitle.png; sourceTree = "<group>"; };
		8C6559DB1ABE9FD700519DFC /* flyerview.png */ = {isa = PBXFileReference; lastKnownFileType = image.png; path = flyerview.png; sourceTree = "<group>"; };
		8C6559DC1ABE9FD700519DFC /* item1.png */ = {isa = PBXFileReference; lastKnownFileType = image.png; path = item1.png; sourceTree = "<group>"; };
		8C6559DD1ABE9FD700519DFC /* item2.png */ = {isa = PBXFileReference; lastKnownFileType = image.png; path = item2.png; sourceTree = "<group>"; };
		8C6559DE1ABE9FD700519DFC /* item3.png */ = {isa = PBXFileReference; lastKnownFileType = image.png; path = item3.png; sourceTree = "<group>"; };
		8C6559DF1ABE9FD700519DFC /* productview@2x.png */ = {isa = PBXFileReference; lastKnownFileType = image.png; path = "productview@2x.png"; sourceTree = "<group>"; };
		8C6559E71ABF3B4E00519DFC /* RetailTabBarController.h */ = {isa = PBXFileReference; fileEncoding = 4; lastKnownFileType = sourcecode.c.h; path = RetailTabBarController.h; sourceTree = "<group>"; };
		8C6559E81ABF3B4E00519DFC /* RetailTabBarController.m */ = {isa = PBXFileReference; fileEncoding = 4; lastKnownFileType = sourcecode.c.objc; path = RetailTabBarController.m; sourceTree = "<group>"; };
		8C6559EA1ABF3BD500519DFC /* flyer_selected.png */ = {isa = PBXFileReference; lastKnownFileType = image.png; path = flyer_selected.png; sourceTree = "<group>"; };
		8C6559EB1ABF3BD500519DFC /* flyer.png */ = {isa = PBXFileReference; lastKnownFileType = image.png; path = flyer.png; sourceTree = "<group>"; };
		8C6559EC1ABF3BD500519DFC /* FlyerMenu.h */ = {isa = PBXFileReference; fileEncoding = 4; lastKnownFileType = sourcecode.c.h; path = FlyerMenu.h; sourceTree = "<group>"; };
		8C6559ED1ABF3BD500519DFC /* FlyerMenu.m */ = {isa = PBXFileReference; fileEncoding = 4; lastKnownFileType = sourcecode.c.objc; path = FlyerMenu.m; sourceTree = "<group>"; };
		8C6559EE1ABF3BD500519DFC /* tabbar.png */ = {isa = PBXFileReference; lastKnownFileType = image.png; path = tabbar.png; sourceTree = "<group>"; };
		8C6559F31ABF3EAE00519DFC /* Flyer.h */ = {isa = PBXFileReference; fileEncoding = 4; lastKnownFileType = sourcecode.c.h; path = Flyer.h; sourceTree = "<group>"; };
		8C6559F41ABF3EAE00519DFC /* Flyer.m */ = {isa = PBXFileReference; fileEncoding = 4; lastKnownFileType = sourcecode.c.objc; path = Flyer.m; sourceTree = "<group>"; };
		8CED70051AC309FE00A40BCB /* scan@2x.png */ = {isa = PBXFileReference; lastKnownFileType = image.png; path = "scan@2x.png"; sourceTree = "<group>"; };
		8CED70061AC309FE00A40BCB /* scanView.png */ = {isa = PBXFileReference; lastKnownFileType = image.png; path = scanView.png; sourceTree = "<group>"; };
		8CED70071AC309FE00A40BCB /* social.png */ = {isa = PBXFileReference; lastKnownFileType = image.png; path = social.png; sourceTree = "<group>"; };
		8CED70081AC309FE00A40BCB /* subnav.png */ = {isa = PBXFileReference; lastKnownFileType = image.png; path = subnav.png; sourceTree = "<group>"; };
		8CED700D1AC30AD900A40BCB /* account_selected@2x.png */ = {isa = PBXFileReference; lastKnownFileType = image.png; path = "account_selected@2x.png"; sourceTree = "<group>"; };
		8CED700E1AC30AD900A40BCB /* account@2.png */ = {isa = PBXFileReference; lastKnownFileType = image.png; path = "account@2.png"; sourceTree = "<group>"; };
		8CED700F1AC30AD900A40BCB /* accountview@2x.png */ = {isa = PBXFileReference; lastKnownFileType = image.png; path = "accountview@2x.png"; sourceTree = "<group>"; };
		8CED70101AC30AD900A40BCB /* scan_selected@2x.png */ = {isa = PBXFileReference; lastKnownFileType = image.png; path = "scan_selected@2x.png"; sourceTree = "<group>"; };
		8CED70111AC30AD900A40BCB /* scanoverlay@2x.png */ = {isa = PBXFileReference; lastKnownFileType = image.png; path = "scanoverlay@2x.png"; sourceTree = "<group>"; };
		8CED70121AC30AD900A40BCB /* social_selected@2x.png */ = {isa = PBXFileReference; lastKnownFileType = image.png; path = "social_selected@2x.png"; sourceTree = "<group>"; };
		8CED70131AC30AD900A40BCB /* social@2x.png */ = {isa = PBXFileReference; lastKnownFileType = image.png; path = "social@2x.png"; sourceTree = "<group>"; };
		8CED70141AC30AD900A40BCB /* socialview@2x.png */ = {isa = PBXFileReference; lastKnownFileType = image.png; path = "socialview@2x.png"; sourceTree = "<group>"; };
		8CED70151AC30AD900A40BCB /* wishlist_selected@2x.png */ = {isa = PBXFileReference; lastKnownFileType = image.png; path = "wishlist_selected@2x.png"; sourceTree = "<group>"; };
		8CED70161AC30AD900A40BCB /* wishlist@2x.png */ = {isa = PBXFileReference; lastKnownFileType = image.png; path = "wishlist@2x.png"; sourceTree = "<group>"; };
		8CED70171AC30AD900A40BCB /* wishlistmenu@2x.png */ = {isa = PBXFileReference; lastKnownFileType = image.png; path = "wishlistmenu@2x.png"; sourceTree = "<group>"; };
		8CED70181AC30AD900A40BCB /* wishlistview@2x.png */ = {isa = PBXFileReference; lastKnownFileType = image.png; path = "wishlistview@2x.png"; sourceTree = "<group>"; };
		8CED70271AC326EE00A40BCB /* accsel@2x.png */ = {isa = PBXFileReference; lastKnownFileType = image.png; path = "accsel@2x.png"; sourceTree = "<group>"; };
		8CED70291AC3273400A40BCB /* account@2x.png */ = {isa = PBXFileReference; lastKnownFileType = image.png; path = "account@2x.png"; sourceTree = "<group>"; };
/* End PBXFileReference section */

/* Begin PBXFrameworksBuildPhase section */
		21B53C4C18D22A9600136835 /* Frameworks */ = {
			isa = PBXFrameworksBuildPhase;
			buildActionMask = 2147483647;
			files = (
				212759F1194128D500F0DE4B /* SenTestingKit.framework in Frameworks */,
				217E0F1918FBD7E300BACE6A /* CFNetwork.framework in Frameworks */,
				217E0F1718FBD7DC00BACE6A /* libicucore.dylib in Frameworks */,
				217E0F1518FBD7D200BACE6A /* Security.framework in Frameworks */,
				21B53C5518D22A9600136835 /* CoreGraphics.framework in Frameworks */,
				21B53C5718D22A9600136835 /* UIKit.framework in Frameworks */,
				21B53C5318D22A9600136835 /* Foundation.framework in Frameworks */,
			);
			runOnlyForDeploymentPostprocessing = 0;
		};
		21B53C6D18D22A9600136835 /* Frameworks */ = {
			isa = PBXFrameworksBuildPhase;
			buildActionMask = 2147483647;
			files = (
				212759F319412A3B00F0DE4B /* SenTestingKit.framework in Frameworks */,
				21B53C7218D22A9600136835 /* XCTest.framework in Frameworks */,
				21B53C7418D22A9600136835 /* UIKit.framework in Frameworks */,
				21B53C7318D22A9600136835 /* Foundation.framework in Frameworks */,
			);
			runOnlyForDeploymentPostprocessing = 0;
		};
/* End PBXFrameworksBuildPhase section */

/* Begin PBXGroup section */
		2127148D19510D7E00E8FFF7 /* SOD */ = {
			isa = PBXGroup;
			children = (
				2127148E19510D7E00E8FFF7 /* .gitignore */,
				2127148F19510D7E00E8FFF7 /* .gitmodules */,
				2127149019510D7E00E8FFF7 /* LICENSE */,
				2127149119510D7E00E8FFF7 /* README.md */,
				2127149219510D7E00E8FFF7 /* SocketRocket */,
				2127149A19510D7E00E8FFF7 /* SOD.h */,
				2127149B19510D7E00E8FFF7 /* SOD.m */,
				7E9522541A09670C00EEE91C /* Device.h */,
				7E9522551A09670C00EEE91C /* Device.m */,
				7E9522571A096A6800EEE91C /* Observer.h */,
				7E9522581A096A6800EEE91C /* Observer.m */,
				2127149C19510D7E00E8FFF7 /* submodules */,
			);
			path = SOD;
			sourceTree = SOURCE_ROOT;
		};
		2127149219510D7E00E8FFF7 /* SocketRocket */ = {
			isa = PBXGroup;
			children = (
				2127149319510D7E00E8FFF7 /* base64.c */,
				2127149419510D7E00E8FFF7 /* base64.h */,
				2127149519510D7E00E8FFF7 /* NSData+SRB64Additions.h */,
				2127149619510D7E00E8FFF7 /* NSData+SRB64Additions.m */,
				2127149719510D7E00E8FFF7 /* SocketRocket-Prefix.pch */,
				2127149819510D7E00E8FFF7 /* SRWebSocket.h */,
				2127149919510D7E00E8FFF7 /* SRWebSocket.m */,
			);
			path = SocketRocket;
			sourceTree = "<group>";
		};
		2127149C19510D7E00E8FFF7 /* submodules */ = {
			isa = PBXGroup;
			children = (
				2127149D19510D7E00E8FFF7 /* .gitignore */,
				2127149E19510D7E00E8FFF7 /* .gitmodules */,
				2127149F19510D7E00E8FFF7 /* CHANGELOG.md */,
				212714A019510D7E00E8FFF7 /* CONTRIBUTORS.md */,
				212714A119510D7E00E8FFF7 /* LICENSE */,
				212714A219510D7E00E8FFF7 /* README.md */,
				212714A319510D7E00E8FFF7 /* SocketIO.h */,
				212714A419510D7E00E8FFF7 /* SocketIO.m */,
				212714A519510D7E00E8FFF7 /* SocketIOJSONSerialization.h */,
				212714A619510D7E00E8FFF7 /* SocketIOJSONSerialization.m */,
				212714A719510D7E00E8FFF7 /* SocketIOPacket.h */,
				212714A819510D7E00E8FFF7 /* SocketIOPacket.m */,
				212714A919510D7E00E8FFF7 /* SocketIOTransport.h */,
				212714AA19510D7E00E8FFF7 /* SocketIOTransportWebsocket.h */,
				212714AB19510D7E00E8FFF7 /* SocketIOTransportWebsocket.m */,
				212714AC19510D7E00E8FFF7 /* SocketIOTransportXHR.h */,
				212714AD19510D7E00E8FFF7 /* SocketIOTransportXHR.m */,
			);
			path = submodules;
			sourceTree = "<group>";
		};
		21B53C4618D22A9600136835 = {
			isa = PBXGroup;
			children = (
				21B53C5818D22A9600136835 /* SOD-iOS-Client */,
				21B53C7718D22A9600136835 /* SOD-iOS-ClientTests */,
				21B53C5118D22A9600136835 /* Frameworks */,
				21B53C5018D22A9600136835 /* Products */,
			);
			sourceTree = "<group>";
		};
		21B53C5018D22A9600136835 /* Products */ = {
			isa = PBXGroup;
			children = (
				21B53C4F18D22A9600136835 /* SOD-iOS-Client.app */,
				21B53C7018D22A9600136835 /* SOD-iOS-ClientTests.xctest */,
			);
			name = Products;
			sourceTree = "<group>";
		};
		21B53C5118D22A9600136835 /* Frameworks */ = {
			isa = PBXGroup;
			children = (
				212759F0194128D500F0DE4B /* SenTestingKit.framework */,
				217E0F1818FBD7E300BACE6A /* CFNetwork.framework */,
				217E0F1618FBD7DC00BACE6A /* libicucore.dylib */,
				217E0F1418FBD7D100BACE6A /* Security.framework */,
				21B53C5218D22A9600136835 /* Foundation.framework */,
				21B53C5418D22A9600136835 /* CoreGraphics.framework */,
				21B53C5618D22A9600136835 /* UIKit.framework */,
				21B53C7118D22A9600136835 /* XCTest.framework */,
			);
			name = Frameworks;
			sourceTree = "<group>";
		};
		21B53C5818D22A9600136835 /* SOD-iOS-Client */ = {
			isa = PBXGroup;
			children = (
				8C6559F31ABF3EAE00519DFC /* Flyer.h */,
				8C6559F41ABF3EAE00519DFC /* Flyer.m */,
				8C6559EC1ABF3BD500519DFC /* FlyerMenu.h */,
				8C6559ED1ABF3BD500519DFC /* FlyerMenu.m */,
				8C6559E61ABE9FE400519DFC /* Images */,
				2127148D19510D7E00E8FFF7 /* SOD */,
				21B53C6118D22A9600136835 /* AppDelegate.h */,
				21B53C6218D22A9600136835 /* AppDelegate.m */,
				21B53C6418D22A9600136835 /* Main.storyboard */,
				21B53C6718D22A9600136835 /* ViewController.h */,
				21B53C6818D22A9600136835 /* ViewController.m */,
				21B53C6A18D22A9600136835 /* Images.xcassets */,
				21B53C5918D22A9600136835 /* Supporting Files */,
				8C6559CE1ABE9C9C00519DFC /* Retail_iPhone.storyboard */,
				8C6559E71ABF3B4E00519DFC /* RetailTabBarController.h */,
				8C6559E81ABF3B4E00519DFC /* RetailTabBarController.m */,
			);
			path = "SOD-iOS-Client";
			sourceTree = "<group>";
		};
		21B53C5918D22A9600136835 /* Supporting Files */ = {
			isa = PBXGroup;
			children = (
				21B53C5A18D22A9600136835 /* SOD-iOS-Client-Info.plist */,
				21B53C5B18D22A9600136835 /* InfoPlist.strings */,
				21B53C5E18D22A9600136835 /* main.m */,
				21B53C6018D22A9600136835 /* SOD-iOS-Client-Prefix.pch */,
			);
			name = "Supporting Files";
			sourceTree = "<group>";
		};
		21B53C7718D22A9600136835 /* SOD-iOS-ClientTests */ = {
			isa = PBXGroup;
			children = (
				21B53C7D18D22A9600136835 /* SOD_iOS_ClientTests.m */,
				21B53C7818D22A9600136835 /* Supporting Files */,
			);
			path = "SOD-iOS-ClientTests";
			sourceTree = "<group>";
		};
		21B53C7818D22A9600136835 /* Supporting Files */ = {
			isa = PBXGroup;
			children = (
				21B53C7918D22A9600136835 /* SOD-iOS-ClientTests-Info.plist */,
				21B53C7A18D22A9600136835 /* InfoPlist.strings */,
			);
			name = "Supporting Files";
			sourceTree = "<group>";
		};
		8C6559E61ABE9FE400519DFC /* Images */ = {
			isa = PBXGroup;
			children = (
				8CED70291AC3273400A40BCB /* account@2x.png */,
				8CED70271AC326EE00A40BCB /* accsel@2x.png */,
				8C6559EE1ABF3BD500519DFC /* tabbar.png */,
				8C6559EA1ABF3BD500519DFC /* flyer_selected.png */,
				8C6559EB1ABF3BD500519DFC /* flyer.png */,
				8CED700D1AC30AD900A40BCB /* account_selected@2x.png */,
				8CED700E1AC30AD900A40BCB /* account@2.png */,
				8CED700F1AC30AD900A40BCB /* accountview@2x.png */,
				8CED70101AC30AD900A40BCB /* scan_selected@2x.png */,
				8CED70111AC30AD900A40BCB /* scanoverlay@2x.png */,
				8CED70121AC30AD900A40BCB /* social_selected@2x.png */,
				8CED70131AC30AD900A40BCB /* social@2x.png */,
				8CED70141AC30AD900A40BCB /* socialview@2x.png */,
				8CED70151AC30AD900A40BCB /* wishlist_selected@2x.png */,
				8CED70161AC30AD900A40BCB /* wishlist@2x.png */,
				8CED70171AC30AD900A40BCB /* wishlistmenu@2x.png */,
				8CED70181AC30AD900A40BCB /* wishlistview@2x.png */,
				8CED70051AC309FE00A40BCB /* scan@2x.png */,
				8CED70061AC309FE00A40BCB /* scanView.png */,
				8CED70071AC309FE00A40BCB /* social.png */,
				8CED70081AC309FE00A40BCB /* subnav.png */,
				8C6559DA1ABE9FD700519DFC /* flyertitle.png */,
				8C6559DB1ABE9FD700519DFC /* flyerview.png */,
				8C6559DC1ABE9FD700519DFC /* item1.png */,
				8C6559DD1ABE9FD700519DFC /* item2.png */,
				8C6559DE1ABE9FD700519DFC /* item3.png */,
				8C6559DF1ABE9FD700519DFC /* productview@2x.png */,
			);
			name = Images;
			sourceTree = "<group>";
		};
/* End PBXGroup section */

/* Begin PBXNativeTarget section */
		21B53C4E18D22A9600136835 /* SOD-iOS-Client */ = {
			isa = PBXNativeTarget;
			buildConfigurationList = 21B53C8118D22A9600136835 /* Build configuration list for PBXNativeTarget "SOD-iOS-Client" */;
			buildPhases = (
				21B53C4B18D22A9600136835 /* Sources */,
				21B53C4C18D22A9600136835 /* Frameworks */,
				21B53C4D18D22A9600136835 /* Resources */,
			);
			buildRules = (
			);
			dependencies = (
			);
			name = "SOD-iOS-Client";
			productName = "SOD-iOS-Client";
			productReference = 21B53C4F18D22A9600136835 /* SOD-iOS-Client.app */;
			productType = "com.apple.product-type.application";
		};
		21B53C6F18D22A9600136835 /* SOD-iOS-ClientTests */ = {
			isa = PBXNativeTarget;
			buildConfigurationList = 21B53C8418D22A9600136835 /* Build configuration list for PBXNativeTarget "SOD-iOS-ClientTests" */;
			buildPhases = (
				21B53C6C18D22A9600136835 /* Sources */,
				21B53C6D18D22A9600136835 /* Frameworks */,
				21B53C6E18D22A9600136835 /* Resources */,
			);
			buildRules = (
			);
			dependencies = (
				21B53C7618D22A9600136835 /* PBXTargetDependency */,
			);
			name = "SOD-iOS-ClientTests";
			productName = "SOD-iOS-ClientTests";
			productReference = 21B53C7018D22A9600136835 /* SOD-iOS-ClientTests.xctest */;
			productType = "com.apple.product-type.bundle.unit-test";
		};
/* End PBXNativeTarget section */

/* Begin PBXProject section */
		21B53C4718D22A9600136835 /* Project object */ = {
			isa = PBXProject;
			attributes = {
				LastUpgradeCheck = 0510;
				ORGANIZATIONNAME = "ASE Group";
				TargetAttributes = {
					21B53C4E18D22A9600136835 = {
						DevelopmentTeam = YXCB5M726A;
					};
					21B53C6F18D22A9600136835 = {
						TestTargetID = 21B53C4E18D22A9600136835;
					};
				};
			};
			buildConfigurationList = 21B53C4A18D22A9600136835 /* Build configuration list for PBXProject "SOD-iOS-Client" */;
			compatibilityVersion = "Xcode 3.2";
			developmentRegion = English;
			hasScannedForEncodings = 0;
			knownRegions = (
				en,
				Base,
			);
			mainGroup = 21B53C4618D22A9600136835;
			productRefGroup = 21B53C5018D22A9600136835 /* Products */;
			projectDirPath = "";
			projectRoot = "";
			targets = (
				21B53C4E18D22A9600136835 /* SOD-iOS-Client */,
				21B53C6F18D22A9600136835 /* SOD-iOS-ClientTests */,
			);
		};
/* End PBXProject section */

/* Begin PBXResourcesBuildPhase section */
		21B53C4D18D22A9600136835 /* Resources */ = {
			isa = PBXResourcesBuildPhase;
			buildActionMask = 2147483647;
			files = (
				8CED70231AC30AD900A40BCB /* wishlistmenu@2x.png in Resources */,
				8C6559CF1ABE9C9C00519DFC /* Retail_iPhone.storyboard in Resources */,
				8CED700A1AC309FE00A40BCB /* scanView.png in Resources */,
				8CED70201AC30AD900A40BCB /* socialview@2x.png in Resources */,
				8C6559F21ABF3BD500519DFC /* tabbar.png in Resources */,
				8C6559E21ABE9FD700519DFC /* item1.png in Resources */,
				8CED701E1AC30AD900A40BCB /* social_selected@2x.png in Resources */,
				212714B919510D7F00E8FFF7 /* CONTRIBUTORS.md in Resources */,
				212714B119510D7F00E8FFF7 /* README.md in Resources */,
				8CED702A1AC3273400A40BCB /* account@2x.png in Resources */,
				8CED70091AC309FE00A40BCB /* scan@2x.png in Resources */,
				212714B619510D7F00E8FFF7 /* .gitignore in Resources */,
				8CED701F1AC30AD900A40BCB /* social@2x.png in Resources */,
				21B53C6B18D22A9600136835 /* Images.xcassets in Resources */,
				8CED70191AC30AD900A40BCB /* account_selected@2x.png in Resources */,
				8CED701A1AC30AD900A40BCB /* account@2.png in Resources */,
				8C6559E01ABE9FD700519DFC /* flyertitle.png in Resources */,
				212714AE19510D7F00E8FFF7 /* .gitignore in Resources */,
				212714BA19510D7F00E8FFF7 /* LICENSE in Resources */,
				212714BB19510D7F00E8FFF7 /* README.md in Resources */,
				8CED701C1AC30AD900A40BCB /* scan_selected@2x.png in Resources */,
				7ED3A55D19557391001ACDAD /* Main.storyboard in Resources */,
				8CED70281AC326EE00A40BCB /* accsel@2x.png in Resources */,
				8CED70211AC30AD900A40BCB /* wishlist_selected@2x.png in Resources */,
				8CED70241AC30AD900A40BCB /* wishlistview@2x.png in Resources */,
				212714AF19510D7F00E8FFF7 /* .gitmodules in Resources */,
				21B53C5D18D22A9600136835 /* InfoPlist.strings in Resources */,
				8CED700B1AC309FE00A40BCB /* social.png in Resources */,
				8C6559E41ABE9FD700519DFC /* item3.png in Resources */,
				8C6559EF1ABF3BD500519DFC /* flyer_selected.png in Resources */,
				8CED701D1AC30AD900A40BCB /* scanoverlay@2x.png in Resources */,
				8CED70221AC30AD900A40BCB /* wishlist@2x.png in Resources */,
				212714B719510D7F00E8FFF7 /* .gitmodules in Resources */,
				8C6559F01ABF3BD500519DFC /* flyer.png in Resources */,
				8C6559E11ABE9FD700519DFC /* flyerview.png in Resources */,
				212714B819510D7F00E8FFF7 /* CHANGELOG.md in Resources */,
				8CED701B1AC30AD900A40BCB /* accountview@2x.png in Resources */,
				8CED700C1AC309FE00A40BCB /* subnav.png in Resources */,
				212714B019510D7F00E8FFF7 /* LICENSE in Resources */,
				8C6559E31ABE9FD700519DFC /* item2.png in Resources */,
				8C6559E51ABE9FD700519DFC /* productview@2x.png in Resources */,
			);
			runOnlyForDeploymentPostprocessing = 0;
		};
		21B53C6E18D22A9600136835 /* Resources */ = {
			isa = PBXResourcesBuildPhase;
			buildActionMask = 2147483647;
			files = (
				21B53C7C18D22A9600136835 /* InfoPlist.strings in Resources */,
			);
			runOnlyForDeploymentPostprocessing = 0;
		};
/* End PBXResourcesBuildPhase section */

/* Begin PBXSourcesBuildPhase section */
		21B53C4B18D22A9600136835 /* Sources */ = {
			isa = PBXSourcesBuildPhase;
			buildActionMask = 2147483647;
			files = (
				212714B419510D7F00E8FFF7 /* SRWebSocket.m in Sources */,
				212714B319510D7F00E8FFF7 /* NSData+SRB64Additions.m in Sources */,
				212714BE19510D7F00E8FFF7 /* SocketIOPacket.m in Sources */,
				7E9522591A096A6800EEE91C /* Observer.m in Sources */,
				21B53C6918D22A9600136835 /* ViewController.m in Sources */,
				21B53C6318D22A9600136835 /* AppDelegate.m in Sources */,
				212714C019510D7F00E8FFF7 /* SocketIOTransportXHR.m in Sources */,
				8C6559E91ABF3B4F00519DFC /* RetailTabBarController.m in Sources */,
				212714B219510D7F00E8FFF7 /* base64.c in Sources */,
				21B53C5F18D22A9600136835 /* main.m in Sources */,
				212714BF19510D7F00E8FFF7 /* SocketIOTransportWebsocket.m in Sources */,
				212714BC19510D7F00E8FFF7 /* SocketIO.m in Sources */,
				7E9522561A09670C00EEE91C /* Device.m in Sources */,
				8C6559F11ABF3BD500519DFC /* FlyerMenu.m in Sources */,
				212714B519510D7F00E8FFF7 /* SOD.m in Sources */,
				212714BD19510D7F00E8FFF7 /* SocketIOJSONSerialization.m in Sources */,
				8C6559F51ABF3EAE00519DFC /* Flyer.m in Sources */,
			);
			runOnlyForDeploymentPostprocessing = 0;
		};
		21B53C6C18D22A9600136835 /* Sources */ = {
			isa = PBXSourcesBuildPhase;
			buildActionMask = 2147483647;
			files = (
				21B53C7E18D22A9600136835 /* SOD_iOS_ClientTests.m in Sources */,
			);
			runOnlyForDeploymentPostprocessing = 0;
		};
/* End PBXSourcesBuildPhase section */

/* Begin PBXTargetDependency section */
		21B53C7618D22A9600136835 /* PBXTargetDependency */ = {
			isa = PBXTargetDependency;
			target = 21B53C4E18D22A9600136835 /* SOD-iOS-Client */;
			targetProxy = 21B53C7518D22A9600136835 /* PBXContainerItemProxy */;
		};
/* End PBXTargetDependency section */

/* Begin PBXVariantGroup section */
		21B53C5B18D22A9600136835 /* InfoPlist.strings */ = {
			isa = PBXVariantGroup;
			children = (
				21B53C5C18D22A9600136835 /* en */,
			);
			name = InfoPlist.strings;
			sourceTree = "<group>";
		};
		21B53C6418D22A9600136835 /* Main.storyboard */ = {
			isa = PBXVariantGroup;
			children = (
				21B53C6518D22A9600136835 /* Base */,
				7ED3A55B1955735E001ACDAD /* en */,
			);
			name = Main.storyboard;
			sourceTree = "<group>";
		};
		21B53C7A18D22A9600136835 /* InfoPlist.strings */ = {
			isa = PBXVariantGroup;
			children = (
				21B53C7B18D22A9600136835 /* en */,
			);
			name = InfoPlist.strings;
			sourceTree = "<group>";
		};
/* End PBXVariantGroup section */

/* Begin XCBuildConfiguration section */
		21B53C7F18D22A9600136835 /* Debug */ = {
			isa = XCBuildConfiguration;
			buildSettings = {
				ALWAYS_SEARCH_USER_PATHS = NO;
				CLANG_CXX_LANGUAGE_STANDARD = "gnu++0x";
				CLANG_CXX_LIBRARY = "libc++";
				CLANG_ENABLE_MODULES = YES;
				CLANG_ENABLE_OBJC_ARC = YES;
				CLANG_WARN_BOOL_CONVERSION = YES;
				CLANG_WARN_CONSTANT_CONVERSION = YES;
				CLANG_WARN_DIRECT_OBJC_ISA_USAGE = YES_ERROR;
				CLANG_WARN_EMPTY_BODY = YES;
				CLANG_WARN_ENUM_CONVERSION = YES;
				CLANG_WARN_INT_CONVERSION = YES;
				CLANG_WARN_OBJC_ROOT_CLASS = YES_ERROR;
				CLANG_WARN__DUPLICATE_METHOD_MATCH = YES;
				"CODE_SIGN_IDENTITY[sdk=iphoneos*]" = "iPhone Developer";
				COPY_PHASE_STRIP = NO;
				FRAMEWORK_SEARCH_PATHS = "$(SDKROOT)/Developer/Library/Frameworks/**";
				GCC_C_LANGUAGE_STANDARD = gnu99;
				GCC_DYNAMIC_NO_PIC = NO;
				GCC_OPTIMIZATION_LEVEL = 0;
				GCC_PREPROCESSOR_DEFINITIONS = (
					"DEBUG=1",
					"$(inherited)",
				);
				GCC_SYMBOLS_PRIVATE_EXTERN = NO;
				GCC_WARN_64_TO_32_BIT_CONVERSION = YES;
				GCC_WARN_ABOUT_RETURN_TYPE = YES_ERROR;
				GCC_WARN_UNDECLARED_SELECTOR = YES;
				GCC_WARN_UNINITIALIZED_AUTOS = YES;
				GCC_WARN_UNUSED_FUNCTION = YES;
				GCC_WARN_UNUSED_VARIABLE = YES;
				IPHONEOS_DEPLOYMENT_TARGET = 7.1;
				ONLY_ACTIVE_ARCH = YES;
				SDKROOT = iphoneos;
				TARGETED_DEVICE_FAMILY = 2;
			};
			name = Debug;
		};
		21B53C8018D22A9600136835 /* Release */ = {
			isa = XCBuildConfiguration;
			buildSettings = {
				ALWAYS_SEARCH_USER_PATHS = NO;
				CLANG_CXX_LANGUAGE_STANDARD = "gnu++0x";
				CLANG_CXX_LIBRARY = "libc++";
				CLANG_ENABLE_MODULES = YES;
				CLANG_ENABLE_OBJC_ARC = YES;
				CLANG_WARN_BOOL_CONVERSION = YES;
				CLANG_WARN_CONSTANT_CONVERSION = YES;
				CLANG_WARN_DIRECT_OBJC_ISA_USAGE = YES_ERROR;
				CLANG_WARN_EMPTY_BODY = YES;
				CLANG_WARN_ENUM_CONVERSION = YES;
				CLANG_WARN_INT_CONVERSION = YES;
				CLANG_WARN_OBJC_ROOT_CLASS = YES_ERROR;
				CLANG_WARN__DUPLICATE_METHOD_MATCH = YES;
				"CODE_SIGN_IDENTITY[sdk=iphoneos*]" = "iPhone Developer";
				COPY_PHASE_STRIP = YES;
				ENABLE_NS_ASSERTIONS = NO;
				FRAMEWORK_SEARCH_PATHS = "$(SDKROOT)/Developer/Library/Frameworks/**";
				GCC_C_LANGUAGE_STANDARD = gnu99;
				GCC_WARN_64_TO_32_BIT_CONVERSION = YES;
				GCC_WARN_ABOUT_RETURN_TYPE = YES_ERROR;
				GCC_WARN_UNDECLARED_SELECTOR = YES;
				GCC_WARN_UNINITIALIZED_AUTOS = YES;
				GCC_WARN_UNUSED_FUNCTION = YES;
				GCC_WARN_UNUSED_VARIABLE = YES;
				IPHONEOS_DEPLOYMENT_TARGET = 7.1;
				SDKROOT = iphoneos;
				TARGETED_DEVICE_FAMILY = 2;
				VALIDATE_PRODUCT = YES;
			};
			name = Release;
		};
		21B53C8218D22A9600136835 /* Debug */ = {
			isa = XCBuildConfiguration;
			buildSettings = {
				ASSETCATALOG_COMPILER_APPICON_NAME = AppIcon;
				ASSETCATALOG_COMPILER_LAUNCHIMAGE_NAME = LaunchImage;
				CLANG_ENABLE_OBJC_ARC = YES;
				CODE_SIGN_IDENTITY = "iPhone Developer";
				FRAMEWORK_SEARCH_PATHS = (
					"$(SDKROOT)Developer/**",
					"$(inherited)",
					"/Users/asegroup/Desktop/SOD-iOS-Client",
					"$(DEVELOPER_FRAMEWORKS_DIR)/**",
				);
				GCC_PRECOMPILE_PREFIX_HEADER = YES;
				GCC_PREFIX_HEADER = "SOD-iOS-Client/SOD-iOS-Client-Prefix.pch";
				HEADER_SEARCH_PATHS = (
					"$(inherited)",
					/Applications/Xcode.app/Contents/Developer/Toolchains/XcodeDefault.xctoolchain/usr/include,
					"$(SRCROOT)/**",
					"$(SRCROOT)/zeromq-ios.framework/Headers",
				);
				INFOPLIST_FILE = "SOD-iOS-Client/SOD-iOS-Client-Info.plist";
				LIBRARY_SEARCH_PATHS = "$(SRCROOT)/**";
				ONLY_ACTIVE_ARCH = YES;
				OTHER_LDFLAGS = "-lc++";
				PRODUCT_NAME = "SOD-iOS-Client";
				TARGETED_DEVICE_FAMILY = "1,2";
				WRAPPER_EXTENSION = app;
			};
			name = Debug;
		};
		21B53C8318D22A9600136835 /* Release */ = {
			isa = XCBuildConfiguration;
			buildSettings = {
				ASSETCATALOG_COMPILER_APPICON_NAME = AppIcon;
				ASSETCATALOG_COMPILER_LAUNCHIMAGE_NAME = LaunchImage;
				CLANG_ENABLE_OBJC_ARC = YES;
				CODE_SIGN_IDENTITY = "iPhone Developer";
				FRAMEWORK_SEARCH_PATHS = (
					"$(SDKROOT)Developer/**",
					"$(inherited)",
					"/Users/asegroup/Desktop/SOD-iOS-Client",
					"$(DEVELOPER_FRAMEWORKS_DIR)/**",
				);
				GCC_PRECOMPILE_PREFIX_HEADER = YES;
				GCC_PREFIX_HEADER = "SOD-iOS-Client/SOD-iOS-Client-Prefix.pch";
				HEADER_SEARCH_PATHS = (
					"$(inherited)",
					/Applications/Xcode.app/Contents/Developer/Toolchains/XcodeDefault.xctoolchain/usr/include,
					"$(SRCROOT)/**",
					"$(SRCROOT)/zeromq-ios.framework/Headers",
				);
				INFOPLIST_FILE = "SOD-iOS-Client/SOD-iOS-Client-Info.plist";
				LIBRARY_SEARCH_PATHS = "$(SRCROOT)/**";
				ONLY_ACTIVE_ARCH = YES;
				OTHER_LDFLAGS = "-lc++";
				PRODUCT_NAME = "SOD-iOS-Client";
				TARGETED_DEVICE_FAMILY = "1,2";
				WRAPPER_EXTENSION = app;
			};
			name = Release;
		};
		21B53C8518D22A9600136835 /* Debug */ = {
			isa = XCBuildConfiguration;
			buildSettings = {
				BUNDLE_LOADER = "$(BUILT_PRODUCTS_DIR)/SOD-iOS-Client.app/SOD-iOS-Client";
				FRAMEWORK_SEARCH_PATHS = (
					"$(SDKROOT)/Developer/Library/Frameworks/**",
					"$(inherited)",
					"$(DEVELOPER_FRAMEWORKS_DIR)",
				);
				GCC_PRECOMPILE_PREFIX_HEADER = YES;
				GCC_PREFIX_HEADER = "SOD-iOS-Client/SOD-iOS-Client-Prefix.pch";
				GCC_PREPROCESSOR_DEFINITIONS = (
					"DEBUG=1",
					"$(inherited)",
				);
				INFOPLIST_FILE = "SOD-iOS-ClientTests/SOD-iOS-ClientTests-Info.plist";
				PRODUCT_NAME = "SOD-iOS-ClientTests";
				TEST_HOST = "";
				WRAPPER_EXTENSION = xctest;
			};
			name = Debug;
		};
		21B53C8618D22A9600136835 /* Release */ = {
			isa = XCBuildConfiguration;
			buildSettings = {
				BUNDLE_LOADER = "$(BUILT_PRODUCTS_DIR)/SOD-iOS-Client.app/SOD-iOS-Client";
				FRAMEWORK_SEARCH_PATHS = (
					"$(SDKROOT)/Developer/Library/Frameworks/**",
					"$(inherited)",
					"$(DEVELOPER_FRAMEWORKS_DIR)",
				);
				GCC_PRECOMPILE_PREFIX_HEADER = YES;
				GCC_PREFIX_HEADER = "SOD-iOS-Client/SOD-iOS-Client-Prefix.pch";
				INFOPLIST_FILE = "SOD-iOS-ClientTests/SOD-iOS-ClientTests-Info.plist";
				PRODUCT_NAME = "SOD-iOS-ClientTests";
				TEST_HOST = "";
				WRAPPER_EXTENSION = xctest;
			};
			name = Release;
		};
/* End XCBuildConfiguration section */

/* Begin XCConfigurationList section */
		21B53C4A18D22A9600136835 /* Build configuration list for PBXProject "SOD-iOS-Client" */ = {
			isa = XCConfigurationList;
			buildConfigurations = (
				21B53C7F18D22A9600136835 /* Debug */,
				21B53C8018D22A9600136835 /* Release */,
			);
			defaultConfigurationIsVisible = 0;
			defaultConfigurationName = Release;
		};
		21B53C8118D22A9600136835 /* Build configuration list for PBXNativeTarget "SOD-iOS-Client" */ = {
			isa = XCConfigurationList;
			buildConfigurations = (
				21B53C8218D22A9600136835 /* Debug */,
				21B53C8318D22A9600136835 /* Release */,
			);
			defaultConfigurationIsVisible = 0;
			defaultConfigurationName = Release;
		};
		21B53C8418D22A9600136835 /* Build configuration list for PBXNativeTarget "SOD-iOS-ClientTests" */ = {
			isa = XCConfigurationList;
			buildConfigurations = (
				21B53C8518D22A9600136835 /* Debug */,
				21B53C8618D22A9600136835 /* Release */,
			);
			defaultConfigurationIsVisible = 0;
			defaultConfigurationName = Release;
		};
/* End XCConfigurationList section */
	};
	rootObject = 21B53C4718D22A9600136835 /* Project object */;
}
